{
  "name": "brproxies-account-keeper-worker",
  "version": "0.1.0",
  "lockfileVersion": 3,
  "requires": true,
  "packages": {
    "": {
      "name": "brproxies-account-keeper-worker",
      "version": "0.1.0",
      "dependencies": {
        "patchright": "1.60.1"
      },
      "engines": {
        "node": ">=18"
      }
    },
    "node_modules/patchright": {
      "version": "1.60.1",
      "license": "Apache-2.0",
      "dependencies": {
        "patchright-core": "1.60.1"
      },
      "bin": {
        "patchright": "cli.js"
      },
      "engines": {
        "node": ">=18"
      },
      "optionalDependencies": {
        "fsevents": "2.3.2"
      }
    },
    "node_modules/patchright-core": {
      "version": "1.60.1",
      "license": "Apache-2.0",
      "bin": {
        "patchright-core": "cli.js"
      },
      "engines": {
        "node": ">=18"
      }
    }
  }
}
